{
  "name": "jidecards-workspace",
  "lockfileVersion": 3,
  "requires": true,
  "packages": {
    "": {
      "name": "jidecards-workspace",
      "license": "AGPL-3.0-or-later",
      "devDependencies": {
        "json5": "2.2.3"
      },
      "engines": {
        "node": "24.x"
      }
    },
    "node_modules/json5": {
      "version": "2.2.3",
      "resolved": "https://mirrors.cloud.tencent.com/npm/json5/-/json5-2.2.3.tgz",
      "integrity": "sha512-XmOWe7eyHYH14cLdVPoyg+GOH3rYX++KpzrylJwSW98t3Nk+U8XOl8FWKOgwtzdb8lXGf6zYwDUzeHMWfxasyg==",
      "dev": true,
      "license": "MIT",
      "bin": {
        "json5": "lib/cli.js"
      },
      "engines": {
        "node": ">=6"
      }
    }
  }
}
